{
  "version": 4,
  "terraform_version": "1.2.5",
  "serial": 5,
  "lineage": "b6c26029-0818-670b-168b-114495910ea5",
  "outputs": {
    "external_ip_address_node01_yandex_cloud": {
      "value": "51.250.87.176",
      "type": "string"
    },
    "internal_ip_address_node01_yandex_cloud": {
      "value": "192.168.101.11",
      "type": "string"
    }
  },
  "resources": [
    {
      "mode": "managed",
      "type": "yandex_compute_instance",
      "name": "node01",
      "provider": "provider[\"registry.terraform.io/yandex-cloud/yandex\"]",
      "instances": [
        {
          "schema_version": 1,
          "attributes": {
            "allow_recreate": null,
            "allow_stopping_for_update": true,
            "boot_disk": [
              {
                "auto_delete": true,
                "device_name": "fhmf5gvqp87orkan3cnr",
                "disk_id": "fhmf5gvqp87orkan3cnr",
                "initialize_params": [
                  {
                    "block_size": 4096,
                    "description": "",
                    "image_id": "fd8oip22gae768e4k1gl",
                    "name": "root-node01",
                    "size": 50,
                    "snapshot_id": "",
                    "type": "network-ssd"
                  }
                ],
                "mode": "READ_WRITE"
              }
            ],
            "created_at": "2022-07-28T13:52:59Z",
            "description": "",
            "folder_id": "b1g7d73f7tht4jkdqtjh",
            "fqdn": "node01.netology.cloud",
            "hostname": "node01.netology.cloud",
            "id": "fhm98tn1pf73cgtea9sb",
            "labels": null,
            "local_disk": [],
            "metadata": {
              "ssh-keys": "centos:ssh-rsa AAAAB3NzaC1yc2EAAAADAQABAAABgQDd/xM3NWJY2S9KlkKQd2cYSfJohFda5l6tenQjjnUwuZodwFIcchQqaoOPzZrKmk4xsELQOhnHZVB2JJIU+39Bamr3BQAsC1CFP9Injj5rDaLeCNBzvfwEGz0aL74ZFon8EEs7UCOlYy93MkLUk9WUSLBmYFSvfJxXlse4ypMs9Ag8e69tpQbx72aeNCRYg3W4dRtnVNgU9TTI0f4BFKMxjmJrVqrkp47R0mu62bptdaTaD1Gd9wKa0l8MfANEyPtu+lGR4wlMkvYv88bCY2bsdF318P0FftFC/V/1tEiiqMNdjTPg8GFCqKMeIVMvOdl1AQB5mvr9AF6CMSz3VUPtqlgSOuqk80Zowm2KoaSq5hErVJWrM2bUIvHxe1aCLiNBZczTX7AH7JYteIVC4UnBSNlm+5z7UXId91dEynwctUe2vFk6nunVG3oEoFeKlSly7YnvlnAIpB0HbFRpz/+/lPtDyOZKnlBmpu58CoyGyZzaBSi1eFphFfhTZvFx+QM= art@art-To-be-filled-by-O-E-M\n"
            },
            "name": "node01",
            "network_acceleration_type": "standard",
            "network_interface": [
              {
                "dns_record": [],
                "index": 0,
                "ip_address": "192.168.101.11",
                "ipv4": true,
                "ipv6": false,
                "ipv6_address": "",
                "ipv6_dns_record": [],
                "mac_address": "d0:0d:94:76:e1:cb",
                "nat": true,
                "nat_dns_record": [],
                "nat_ip_address": "51.250.87.176",
                "nat_ip_version": "IPV4",
                "security_group_ids": [],
                "subnet_id": "e9b88rbgpmhpics5qeqf"
              }
            ],
            "placement_policy": [
              {
                "host_affinity_rules": [],
                "placement_group_id": ""
              }
            ],
            "platform_id": "standard-v1",
            "resources": [
              {
                "core_fraction": 100,
                "cores": 8,
                "gpus": 0,
                "memory": 8
              }
            ],
            "scheduling_policy": [
              {
                "preemptible": false
              }
            ],
            "secondary_disk": [],
            "service_account_id": "",
            "status": "running",
            "timeouts": null,
            "zone": "ru-central1-a"
          },
          "sensitive_attributes": [],
          "private": "eyJlMmJmYjczMC1lY2FhLTExZTYtOGY4OC0zNDM2M2JjN2M0YzAiOnsiY3JlYXRlIjozMDAwMDAwMDAwMDAsImRlbGV0ZSI6MzAwMDAwMDAwMDAwLCJ1cGRhdGUiOjMwMDAwMDAwMDAwMH0sInNjaGVtYV92ZXJzaW9uIjoiMSJ9",
          "dependencies": [
            "yandex_vpc_network.default",
            "yandex_vpc_subnet.default"
          ]
        }
      ]
    },
    {
      "mode": "managed",
      "type": "yandex_vpc_network",
      "name": "default",
      "provider": "provider[\"registry.terraform.io/yandex-cloud/yandex\"]",
      "instances": [
        {
          "schema_version": 0,
          "attributes": {
            "created_at": "2022-07-28T13:52:55Z",
            "default_security_group_id": "",
            "description": "",
            "folder_id": "b1g7d73f7tht4jkdqtjh",
            "id": "enpo0viaibvos29r383o",
            "labels": {},
            "name": "net",
            "subnet_ids": [],
            "timeouts": null
          },
          "sensitive_attributes": [],
          "private": "eyJlMmJmYjczMC1lY2FhLTExZTYtOGY4OC0zNDM2M2JjN2M0YzAiOnsiY3JlYXRlIjo2MDAwMDAwMDAwMCwiZGVsZXRlIjo2MDAwMDAwMDAwMCwidXBkYXRlIjo2MDAwMDAwMDAwMH19"
        }
      ]
    },
    {
      "mode": "managed",
      "type": "yandex_vpc_subnet",
      "name": "default",
      "provider": "provider[\"registry.terraform.io/yandex-cloud/yandex\"]",
      "instances": [
        {
          "schema_version": 0,
          "attributes": {
            "created_at": "2022-07-28T13:52:57Z",
            "description": "",
            "dhcp_options": [],
            "folder_id": "b1g7d73f7tht4jkdqtjh",
            "id": "e9b88rbgpmhpics5qeqf",
            "labels": {},
            "name": "subnet",
            "network_id": "enpo0viaibvos29r383o",
            "route_table_id": "",
            "timeouts": null,
            "v4_cidr_blocks": [
              "192.168.101.0/24"
            ],
            "v6_cidr_blocks": [],
            "zone": "ru-central1-a"
          },
          "sensitive_attributes": [],
          "private": "eyJlMmJmYjczMC1lY2FhLTExZTYtOGY4OC0zNDM2M2JjN2M0YzAiOnsiY3JlYXRlIjoxODAwMDAwMDAwMDAsImRlbGV0ZSI6MTgwMDAwMDAwMDAwLCJ1cGRhdGUiOjE4MDAwMDAwMDAwMH19",
          "dependencies": [
            "yandex_vpc_network.default"
          ]
        }
      ]
    }
  ]
}
