{
  "version": 4,
  "terraform_version": "1.2.5",
  "serial": 14,
  "lineage": "e7cf15ef-7914-68f0-ff67-c3a0e0c959f8",
  "outputs": {
    "external_ip_address_node01": {
      "value": "51.250.5.68",
      "type": "string"
    },
    "external_ip_address_node02": {
      "value": "51.250.77.238",
      "type": "string"
    },
    "external_ip_address_node03": {
      "value": "62.84.112.175",
      "type": "string"
    },
    "external_ip_address_node04": {
      "value": "51.250.91.93",
      "type": "string"
    },
    "external_ip_address_node05": {
      "value": "51.250.15.181",
      "type": "string"
    },
    "external_ip_address_node06": {
      "value": "51.250.73.167",
      "type": "string"
    },
    "internal_ip_address_node01": {
      "value": "192.168.101.11",
      "type": "string"
    },
    "internal_ip_address_node02": {
      "value": "192.168.101.12",
      "type": "string"
    },
    "internal_ip_address_node03": {
      "value": "192.168.101.13",
      "type": "string"
    },
    "internal_ip_address_node04": {
      "value": "192.168.101.14",
      "type": "string"
    },
    "internal_ip_address_node05": {
      "value": "192.168.101.15",
      "type": "string"
    },
    "internal_ip_address_node06": {
      "value": "192.168.101.16",
      "type": "string"
    }
  },
  "resources": [
    {
      "mode": "managed",
      "type": "local_file",
      "name": "inventory",
      "provider": "provider[\"registry.terraform.io/hashicorp/local\"]",
      "instances": [
        {
          "schema_version": 0,
          "attributes": {
            "content": "# Ansible inventory containing variable values from Terraform.\n# Generated by Terraform.\n\n[nodes:children]\nmanagers\nworkers\n\n[managers:children]\nactive\nstandby\n\n[active]\nnode01.netology.yc ansible_host=51.250.5.68\n\n[standby]\nnode02.netology.yc ansible_host=51.250.77.238\nnode03.netology.yc ansible_host=62.84.112.175\n\n[workers]\nnode04.netology.yc ansible_host=51.250.91.93\nnode05.netology.yc ansible_host=51.250.15.181\nnode06.netology.yc ansible_host=51.250.73.167\n",
            "content_base64": null,
            "directory_permission": "0777",
            "file_permission": "0777",
            "filename": "../ansible/inventory",
            "id": "3dd9af3cfc0954a450d66334ff6d5ece2b225adf",
            "sensitive_content": null,
            "source": null
          },
          "sensitive_attributes": [],
          "private": "bnVsbA==",
          "dependencies": [
            "yandex_compute_instance.node01",
            "yandex_compute_instance.node02",
            "yandex_compute_instance.node03",
            "yandex_compute_instance.node04",
            "yandex_compute_instance.node05",
            "yandex_compute_instance.node06",
            "yandex_vpc_network.default",
            "yandex_vpc_subnet.default"
          ]
        }
      ]
    },
    {
      "mode": "managed",
      "type": "null_resource",
      "name": "cluster",
      "provider": "provider[\"registry.terraform.io/hashicorp/null\"]",
      "instances": [
        {
          "schema_version": 0,
          "attributes": {
            "id": "6790748616090354112",
            "triggers": null
          },
          "sensitive_attributes": [],
          "private": "bnVsbA==",
          "dependencies": [
            "local_file.inventory",
            "null_resource.wait",
            "yandex_compute_instance.node01",
            "yandex_compute_instance.node02",
            "yandex_compute_instance.node03",
            "yandex_compute_instance.node04",
            "yandex_compute_instance.node05",
            "yandex_compute_instance.node06",
            "yandex_vpc_network.default",
            "yandex_vpc_subnet.default"
          ]
        }
      ]
    },
    {
      "mode": "managed",
      "type": "null_resource",
      "name": "monitoring",
      "provider": "provider[\"registry.terraform.io/hashicorp/null\"]",
      "instances": [
        {
          "schema_version": 0,
          "attributes": {
            "id": "8558203852798412208",
            "triggers": null
          },
          "sensitive_attributes": [],
          "private": "bnVsbA==",
          "dependencies": [
            "local_file.inventory",
            "null_resource.cluster",
            "null_resource.sync",
            "null_resource.wait",
            "yandex_compute_instance.node01",
            "yandex_compute_instance.node02",
            "yandex_compute_instance.node03",
            "yandex_compute_instance.node04",
            "yandex_compute_instance.node05",
            "yandex_compute_instance.node06",
            "yandex_vpc_network.default",
            "yandex_vpc_subnet.default"
          ]
        }
      ]
    },
    {
      "mode": "managed",
      "type": "null_resource",
      "name": "sync",
      "provider": "provider[\"registry.terraform.io/hashicorp/null\"]",
      "instances": [
        {
          "schema_version": 0,
          "attributes": {
            "id": "6032427800712098161",
            "triggers": null
          },
          "sensitive_attributes": [],
          "private": "bnVsbA==",
          "dependencies": [
            "local_file.inventory",
            "null_resource.cluster",
            "null_resource.wait",
            "yandex_compute_instance.node01",
            "yandex_compute_instance.node02",
            "yandex_compute_instance.node03",
            "yandex_compute_instance.node04",
            "yandex_compute_instance.node05",
            "yandex_compute_instance.node06",
            "yandex_vpc_network.default",
            "yandex_vpc_subnet.default"
          ]
        }
      ]
    },
    {
      "mode": "managed",
      "type": "null_resource",
      "name": "wait",
      "provider": "provider[\"registry.terraform.io/hashicorp/null\"]",
      "instances": [
        {
          "schema_version": 0,
          "attributes": {
            "id": "813538151998927030",
            "triggers": null
          },
          "sensitive_attributes": [],
          "private": "bnVsbA==",
          "dependencies": [
            "local_file.inventory",
            "yandex_compute_instance.node01",
            "yandex_compute_instance.node02",
            "yandex_compute_instance.node03",
            "yandex_compute_instance.node04",
            "yandex_compute_instance.node05",
            "yandex_compute_instance.node06",
            "yandex_vpc_network.default",
            "yandex_vpc_subnet.default"
          ]
        }
      ]
    },
    {
      "mode": "managed",
      "type": "yandex_compute_instance",
      "name": "node01",
      "provider": "provider[\"registry.terraform.io/yandex-cloud/yandex\"]",
      "instances": [
        {
          "schema_version": 1,
          "attributes": {
            "allow_recreate": null,
            "allow_stopping_for_update": true,
            "boot_disk": [
              {
                "auto_delete": true,
                "device_name": "fhmscpfhf9to444nar8e",
                "disk_id": "fhmscpfhf9to444nar8e",
                "initialize_params": [
                  {
                    "block_size": 4096,
                    "description": "",
                    "image_id": "fd8pirnhpkgq07m6fc4d",
                    "name": "root-node01",
                    "size": 10,
                    "snapshot_id": "",
                    "type": "network-ssd"
                  }
                ],
                "mode": "READ_WRITE"
              }
            ],
            "created_at": "2022-08-02T09:32:00Z",
            "description": "",
            "folder_id": "b1g7d73f7tht4jkdqtjh",
            "fqdn": "node01.netology.yc",
            "hostname": "node01.netology.yc",
            "id": "fhmkoedv584cuneuf0po",
            "labels": null,
            "local_disk": [],
            "metadata": {
              "ssh-keys": "centos:ssh-rsa AAAAB3NzaC1yc2EAAAADAQABAAABgQDd/xM3NWJY2S9KlkKQd2cYSfJohFda5l6tenQjjnUwuZodwFIcchQqaoOPzZrKmk4xsELQOhnHZVB2JJIU+39Bamr3BQAsC1CFP9Injj5rDaLeCNBzvfwEGz0aL74ZFon8EEs7UCOlYy93MkLUk9WUSLBmYFSvfJxXlse4ypMs9Ag8e69tpQbx72aeNCRYg3W4dRtnVNgU9TTI0f4BFKMxjmJrVqrkp47R0mu62bptdaTaD1Gd9wKa0l8MfANEyPtu+lGR4wlMkvYv88bCY2bsdF318P0FftFC/V/1tEiiqMNdjTPg8GFCqKMeIVMvOdl1AQB5mvr9AF6CMSz3VUPtqlgSOuqk80Zowm2KoaSq5hErVJWrM2bUIvHxe1aCLiNBZczTX7AH7JYteIVC4UnBSNlm+5z7UXId91dEynwctUe2vFk6nunVG3oEoFeKlSly7YnvlnAIpB0HbFRpz/+/lPtDyOZKnlBmpu58CoyGyZzaBSi1eFphFfhTZvFx+QM= art@art-To-be-filled-by-O-E-M\n"
            },
            "name": "node01",
            "network_acceleration_type": "standard",
            "network_interface": [
              {
                "dns_record": [],
                "index": 0,
                "ip_address": "192.168.101.11",
                "ipv4": true,
                "ipv6": false,
                "ipv6_address": "",
                "ipv6_dns_record": [],
                "mac_address": "d0:0d:14:c3:9b:f2",
                "nat": true,
                "nat_dns_record": [],
                "nat_ip_address": "51.250.5.68",
                "nat_ip_version": "IPV4",
                "security_group_ids": [],
                "subnet_id": "e9bosc3n71slsddk6tvv"
              }
            ],
            "placement_policy": [
              {
                "host_affinity_rules": [],
                "placement_group_id": ""
              }
            ],
            "platform_id": "standard-v1",
            "resources": [
              {
                "core_fraction": 100,
                "cores": 4,
                "gpus": 0,
                "memory": 8
              }
            ],
            "scheduling_policy": [
              {
                "preemptible": false
              }
            ],
            "secondary_disk": [],
            "service_account_id": "",
            "status": "running",
            "timeouts": null,
            "zone": "ru-central1-a"
          },
          "sensitive_attributes": [],
          "private": "eyJlMmJmYjczMC1lY2FhLTExZTYtOGY4OC0zNDM2M2JjN2M0YzAiOnsiY3JlYXRlIjozMDAwMDAwMDAwMDAsImRlbGV0ZSI6MzAwMDAwMDAwMDAwLCJ1cGRhdGUiOjMwMDAwMDAwMDAwMH0sInNjaGVtYV92ZXJzaW9uIjoiMSJ9",
          "dependencies": [
            "yandex_vpc_network.default",
            "yandex_vpc_subnet.default"
          ]
        }
      ]
    },
    {
      "mode": "managed",
      "type": "yandex_compute_instance",
      "name": "node02",
      "provider": "provider[\"registry.terraform.io/yandex-cloud/yandex\"]",
      "instances": [
        {
          "schema_version": 1,
          "attributes": {
            "allow_recreate": null,
            "allow_stopping_for_update": true,
            "boot_disk": [
              {
                "auto_delete": true,
                "device_name": "fhmhp25vvs6671i9burn",
                "disk_id": "fhmhp25vvs6671i9burn",
                "initialize_params": [
                  {
                    "block_size": 4096,
                    "description": "",
                    "image_id": "fd8pirnhpkgq07m6fc4d",
                    "name": "root-node02",
                    "size": 10,
                    "snapshot_id": "",
                    "type": "network-ssd"
                  }
                ],
                "mode": "READ_WRITE"
              }
            ],
            "created_at": "2022-08-02T09:31:59Z",
            "description": "",
            "folder_id": "b1g7d73f7tht4jkdqtjh",
            "fqdn": "node02.netology.yc",
            "hostname": "node02.netology.yc",
            "id": "fhmkmkbin32pc46dq0ci",
            "labels": null,
            "local_disk": [],
            "metadata": {
              "ssh-keys": "centos:ssh-rsa AAAAB3NzaC1yc2EAAAADAQABAAABgQDd/xM3NWJY2S9KlkKQd2cYSfJohFda5l6tenQjjnUwuZodwFIcchQqaoOPzZrKmk4xsELQOhnHZVB2JJIU+39Bamr3BQAsC1CFP9Injj5rDaLeCNBzvfwEGz0aL74ZFon8EEs7UCOlYy93MkLUk9WUSLBmYFSvfJxXlse4ypMs9Ag8e69tpQbx72aeNCRYg3W4dRtnVNgU9TTI0f4BFKMxjmJrVqrkp47R0mu62bptdaTaD1Gd9wKa0l8MfANEyPtu+lGR4wlMkvYv88bCY2bsdF318P0FftFC/V/1tEiiqMNdjTPg8GFCqKMeIVMvOdl1AQB5mvr9AF6CMSz3VUPtqlgSOuqk80Zowm2KoaSq5hErVJWrM2bUIvHxe1aCLiNBZczTX7AH7JYteIVC4UnBSNlm+5z7UXId91dEynwctUe2vFk6nunVG3oEoFeKlSly7YnvlnAIpB0HbFRpz/+/lPtDyOZKnlBmpu58CoyGyZzaBSi1eFphFfhTZvFx+QM= art@art-To-be-filled-by-O-E-M\n"
            },
            "name": "node02",
            "network_acceleration_type": "standard",
            "network_interface": [
              {
                "dns_record": [],
                "index": 0,
                "ip_address": "192.168.101.12",
                "ipv4": true,
                "ipv6": false,
                "ipv6_address": "",
                "ipv6_dns_record": [],
                "mac_address": "d0:0d:14:b5:17:2b",
                "nat": true,
                "nat_dns_record": [],
                "nat_ip_address": "51.250.77.238",
                "nat_ip_version": "IPV4",
                "security_group_ids": [],
                "subnet_id": "e9bosc3n71slsddk6tvv"
              }
            ],
            "placement_policy": [
              {
                "host_affinity_rules": [],
                "placement_group_id": ""
              }
            ],
            "platform_id": "standard-v1",
            "resources": [
              {
                "core_fraction": 100,
                "cores": 4,
                "gpus": 0,
                "memory": 8
              }
            ],
            "scheduling_policy": [
              {
                "preemptible": false
              }
            ],
            "secondary_disk": [],
            "service_account_id": "",
            "status": "running",
            "timeouts": null,
            "zone": "ru-central1-a"
          },
          "sensitive_attributes": [],
          "private": "eyJlMmJmYjczMC1lY2FhLTExZTYtOGY4OC0zNDM2M2JjN2M0YzAiOnsiY3JlYXRlIjozMDAwMDAwMDAwMDAsImRlbGV0ZSI6MzAwMDAwMDAwMDAwLCJ1cGRhdGUiOjMwMDAwMDAwMDAwMH0sInNjaGVtYV92ZXJzaW9uIjoiMSJ9",
          "dependencies": [
            "yandex_vpc_network.default",
            "yandex_vpc_subnet.default"
          ]
        }
      ]
    },
    {
      "mode": "managed",
      "type": "yandex_compute_instance",
      "name": "node03",
      "provider": "provider[\"registry.terraform.io/yandex-cloud/yandex\"]",
      "instances": [
        {
          "schema_version": 1,
          "attributes": {
            "allow_recreate": null,
            "allow_stopping_for_update": true,
            "boot_disk": [
              {
                "auto_delete": true,
                "device_name": "fhmbmcsf9otuht94om5c",
                "disk_id": "fhmbmcsf9otuht94om5c",
                "initialize_params": [
                  {
                    "block_size": 4096,
                    "description": "",
                    "image_id": "fd8pirnhpkgq07m6fc4d",
                    "name": "root-node03",
                    "size": 10,
                    "snapshot_id": "",
                    "type": "network-ssd"
                  }
                ],
                "mode": "READ_WRITE"
              }
            ],
            "created_at": "2022-08-02T09:31:59Z",
            "description": "",
            "folder_id": "b1g7d73f7tht4jkdqtjh",
            "fqdn": "node03.netology.yc",
            "hostname": "node03.netology.yc",
            "id": "fhmkn2bdrvca6ecfo4t1",
            "labels": null,
            "local_disk": [],
            "metadata": {
              "ssh-keys": "centos:ssh-rsa AAAAB3NzaC1yc2EAAAADAQABAAABgQDd/xM3NWJY2S9KlkKQd2cYSfJohFda5l6tenQjjnUwuZodwFIcchQqaoOPzZrKmk4xsELQOhnHZVB2JJIU+39Bamr3BQAsC1CFP9Injj5rDaLeCNBzvfwEGz0aL74ZFon8EEs7UCOlYy93MkLUk9WUSLBmYFSvfJxXlse4ypMs9Ag8e69tpQbx72aeNCRYg3W4dRtnVNgU9TTI0f4BFKMxjmJrVqrkp47R0mu62bptdaTaD1Gd9wKa0l8MfANEyPtu+lGR4wlMkvYv88bCY2bsdF318P0FftFC/V/1tEiiqMNdjTPg8GFCqKMeIVMvOdl1AQB5mvr9AF6CMSz3VUPtqlgSOuqk80Zowm2KoaSq5hErVJWrM2bUIvHxe1aCLiNBZczTX7AH7JYteIVC4UnBSNlm+5z7UXId91dEynwctUe2vFk6nunVG3oEoFeKlSly7YnvlnAIpB0HbFRpz/+/lPtDyOZKnlBmpu58CoyGyZzaBSi1eFphFfhTZvFx+QM= art@art-To-be-filled-by-O-E-M\n"
            },
            "name": "node03",
            "network_acceleration_type": "standard",
            "network_interface": [
              {
                "dns_record": [],
                "index": 0,
                "ip_address": "192.168.101.13",
                "ipv4": true,
                "ipv6": false,
                "ipv6_address": "",
                "ipv6_dns_record": [],
                "mac_address": "d0:0d:14:b8:96:dd",
                "nat": true,
                "nat_dns_record": [],
                "nat_ip_address": "62.84.112.175",
                "nat_ip_version": "IPV4",
                "security_group_ids": [],
                "subnet_id": "e9bosc3n71slsddk6tvv"
              }
            ],
            "placement_policy": [
              {
                "host_affinity_rules": [],
                "placement_group_id": ""
              }
            ],
            "platform_id": "standard-v1",
            "resources": [
              {
                "core_fraction": 100,
                "cores": 4,
                "gpus": 0,
                "memory": 8
              }
            ],
            "scheduling_policy": [
              {
                "preemptible": false
              }
            ],
            "secondary_disk": [],
            "service_account_id": "",
            "status": "running",
            "timeouts": null,
            "zone": "ru-central1-a"
          },
          "sensitive_attributes": [],
          "private": "eyJlMmJmYjczMC1lY2FhLTExZTYtOGY4OC0zNDM2M2JjN2M0YzAiOnsiY3JlYXRlIjozMDAwMDAwMDAwMDAsImRlbGV0ZSI6MzAwMDAwMDAwMDAwLCJ1cGRhdGUiOjMwMDAwMDAwMDAwMH0sInNjaGVtYV92ZXJzaW9uIjoiMSJ9",
          "dependencies": [
            "yandex_vpc_network.default",
            "yandex_vpc_subnet.default"
          ]
        }
      ]
    },
    {
      "mode": "managed",
      "type": "yandex_compute_instance",
      "name": "node04",
      "provider": "provider[\"registry.terraform.io/yandex-cloud/yandex\"]",
      "instances": [
        {
          "schema_version": 1,
          "attributes": {
            "allow_recreate": null,
            "allow_stopping_for_update": true,
            "boot_disk": [
              {
                "auto_delete": true,
                "device_name": "fhm0hll1iehmil2lr2bu",
                "disk_id": "fhm0hll1iehmil2lr2bu",
                "initialize_params": [
                  {
                    "block_size": 4096,
                    "description": "",
                    "image_id": "fd8pirnhpkgq07m6fc4d",
                    "name": "root-node04",
                    "size": 40,
                    "snapshot_id": "",
                    "type": "network-ssd"
                  }
                ],
                "mode": "READ_WRITE"
              }
            ],
            "created_at": "2022-08-02T09:31:59Z",
            "description": "",
            "folder_id": "b1g7d73f7tht4jkdqtjh",
            "fqdn": "node04.netology.yc",
            "hostname": "node04.netology.yc",
            "id": "fhmes0dea37tbkvaha9b",
            "labels": null,
            "local_disk": [],
            "metadata": {
              "ssh-keys": "centos:ssh-rsa AAAAB3NzaC1yc2EAAAADAQABAAABgQDd/xM3NWJY2S9KlkKQd2cYSfJohFda5l6tenQjjnUwuZodwFIcchQqaoOPzZrKmk4xsELQOhnHZVB2JJIU+39Bamr3BQAsC1CFP9Injj5rDaLeCNBzvfwEGz0aL74ZFon8EEs7UCOlYy93MkLUk9WUSLBmYFSvfJxXlse4ypMs9Ag8e69tpQbx72aeNCRYg3W4dRtnVNgU9TTI0f4BFKMxjmJrVqrkp47R0mu62bptdaTaD1Gd9wKa0l8MfANEyPtu+lGR4wlMkvYv88bCY2bsdF318P0FftFC/V/1tEiiqMNdjTPg8GFCqKMeIVMvOdl1AQB5mvr9AF6CMSz3VUPtqlgSOuqk80Zowm2KoaSq5hErVJWrM2bUIvHxe1aCLiNBZczTX7AH7JYteIVC4UnBSNlm+5z7UXId91dEynwctUe2vFk6nunVG3oEoFeKlSly7YnvlnAIpB0HbFRpz/+/lPtDyOZKnlBmpu58CoyGyZzaBSi1eFphFfhTZvFx+QM= art@art-To-be-filled-by-O-E-M\n"
            },
            "name": "node04",
            "network_acceleration_type": "standard",
            "network_interface": [
              {
                "dns_record": [],
                "index": 0,
                "ip_address": "192.168.101.14",
                "ipv4": true,
                "ipv6": false,
                "ipv6_address": "",
                "ipv6_dns_record": [],
                "mac_address": "d0:0d:ee:01:ae:50",
                "nat": true,
                "nat_dns_record": [],
                "nat_ip_address": "51.250.91.93",
                "nat_ip_version": "IPV4",
                "security_group_ids": [],
                "subnet_id": "e9bosc3n71slsddk6tvv"
              }
            ],
            "placement_policy": [
              {
                "host_affinity_rules": [],
                "placement_group_id": ""
              }
            ],
            "platform_id": "standard-v1",
            "resources": [
              {
                "core_fraction": 100,
                "cores": 4,
                "gpus": 0,
                "memory": 8
              }
            ],
            "scheduling_policy": [
              {
                "preemptible": false
              }
            ],
            "secondary_disk": [],
            "service_account_id": "",
            "status": "running",
            "timeouts": null,
            "zone": "ru-central1-a"
          },
          "sensitive_attributes": [],
          "private": "eyJlMmJmYjczMC1lY2FhLTExZTYtOGY4OC0zNDM2M2JjN2M0YzAiOnsiY3JlYXRlIjozMDAwMDAwMDAwMDAsImRlbGV0ZSI6MzAwMDAwMDAwMDAwLCJ1cGRhdGUiOjMwMDAwMDAwMDAwMH0sInNjaGVtYV92ZXJzaW9uIjoiMSJ9",
          "dependencies": [
            "yandex_vpc_network.default",
            "yandex_vpc_subnet.default"
          ]
        }
      ]
    },
    {
      "mode": "managed",
      "type": "yandex_compute_instance",
      "name": "node05",
      "provider": "provider[\"registry.terraform.io/yandex-cloud/yandex\"]",
      "instances": [
        {
          "schema_version": 1,
          "attributes": {
            "allow_recreate": null,
            "allow_stopping_for_update": true,
            "boot_disk": [
              {
                "auto_delete": true,
                "device_name": "fhmmm3a0uhk9nu71r7sg",
                "disk_id": "fhmmm3a0uhk9nu71r7sg",
                "initialize_params": [
                  {
                    "block_size": 4096,
                    "description": "",
                    "image_id": "fd8pirnhpkgq07m6fc4d",
                    "name": "root-node05",
                    "size": 40,
                    "snapshot_id": "",
                    "type": "network-ssd"
                  }
                ],
                "mode": "READ_WRITE"
              }
            ],
            "created_at": "2022-08-02T09:32:00Z",
            "description": "",
            "folder_id": "b1g7d73f7tht4jkdqtjh",
            "fqdn": "node05.netology.yc",
            "hostname": "node05.netology.yc",
            "id": "fhml0dhqo3b8nvi92t69",
            "labels": null,
            "local_disk": [],
            "metadata": {
              "ssh-keys": "centos:ssh-rsa AAAAB3NzaC1yc2EAAAADAQABAAABgQDd/xM3NWJY2S9KlkKQd2cYSfJohFda5l6tenQjjnUwuZodwFIcchQqaoOPzZrKmk4xsELQOhnHZVB2JJIU+39Bamr3BQAsC1CFP9Injj5rDaLeCNBzvfwEGz0aL74ZFon8EEs7UCOlYy93MkLUk9WUSLBmYFSvfJxXlse4ypMs9Ag8e69tpQbx72aeNCRYg3W4dRtnVNgU9TTI0f4BFKMxjmJrVqrkp47R0mu62bptdaTaD1Gd9wKa0l8MfANEyPtu+lGR4wlMkvYv88bCY2bsdF318P0FftFC/V/1tEiiqMNdjTPg8GFCqKMeIVMvOdl1AQB5mvr9AF6CMSz3VUPtqlgSOuqk80Zowm2KoaSq5hErVJWrM2bUIvHxe1aCLiNBZczTX7AH7JYteIVC4UnBSNlm+5z7UXId91dEynwctUe2vFk6nunVG3oEoFeKlSly7YnvlnAIpB0HbFRpz/+/lPtDyOZKnlBmpu58CoyGyZzaBSi1eFphFfhTZvFx+QM= art@art-To-be-filled-by-O-E-M\n"
            },
            "name": "node05",
            "network_acceleration_type": "standard",
            "network_interface": [
              {
                "dns_record": [],
                "index": 0,
                "ip_address": "192.168.101.15",
                "ipv4": true,
                "ipv6": false,
                "ipv6_address": "",
                "ipv6_dns_record": [],
                "mac_address": "d0:0d:15:03:63:ac",
                "nat": true,
                "nat_dns_record": [],
                "nat_ip_address": "51.250.15.181",
                "nat_ip_version": "IPV4",
                "security_group_ids": [],
                "subnet_id": "e9bosc3n71slsddk6tvv"
              }
            ],
            "placement_policy": [
              {
                "host_affinity_rules": [],
                "placement_group_id": ""
              }
            ],
            "platform_id": "standard-v1",
            "resources": [
              {
                "core_fraction": 100,
                "cores": 4,
                "gpus": 0,
                "memory": 8
              }
            ],
            "scheduling_policy": [
              {
                "preemptible": false
              }
            ],
            "secondary_disk": [],
            "service_account_id": "",
            "status": "running",
            "timeouts": null,
            "zone": "ru-central1-a"
          },
          "sensitive_attributes": [],
          "private": "eyJlMmJmYjczMC1lY2FhLTExZTYtOGY4OC0zNDM2M2JjN2M0YzAiOnsiY3JlYXRlIjozMDAwMDAwMDAwMDAsImRlbGV0ZSI6MzAwMDAwMDAwMDAwLCJ1cGRhdGUiOjMwMDAwMDAwMDAwMH0sInNjaGVtYV92ZXJzaW9uIjoiMSJ9",
          "dependencies": [
            "yandex_vpc_network.default",
            "yandex_vpc_subnet.default"
          ]
        }
      ]
    },
    {
      "mode": "managed",
      "type": "yandex_compute_instance",
      "name": "node06",
      "provider": "provider[\"registry.terraform.io/yandex-cloud/yandex\"]",
      "instances": [
        {
          "schema_version": 1,
          "attributes": {
            "allow_recreate": null,
            "allow_stopping_for_update": true,
            "boot_disk": [
              {
                "auto_delete": true,
                "device_name": "fhmtnh5p075225eggcfe",
                "disk_id": "fhmtnh5p075225eggcfe",
                "initialize_params": [
                  {
                    "block_size": 4096,
                    "description": "",
                    "image_id": "fd8pirnhpkgq07m6fc4d",
                    "name": "root-node06",
                    "size": 40,
                    "snapshot_id": "",
                    "type": "network-ssd"
                  }
                ],
                "mode": "READ_WRITE"
              }
            ],
            "created_at": "2022-08-02T09:31:59Z",
            "description": "",
            "folder_id": "b1g7d73f7tht4jkdqtjh",
            "fqdn": "node06.netology.yc",
            "hostname": "node06.netology.yc",
            "id": "fhmnetd3b2j001jrmu24",
            "labels": null,
            "local_disk": [],
            "metadata": {
              "ssh-keys": "centos:ssh-rsa AAAAB3NzaC1yc2EAAAADAQABAAABgQDd/xM3NWJY2S9KlkKQd2cYSfJohFda5l6tenQjjnUwuZodwFIcchQqaoOPzZrKmk4xsELQOhnHZVB2JJIU+39Bamr3BQAsC1CFP9Injj5rDaLeCNBzvfwEGz0aL74ZFon8EEs7UCOlYy93MkLUk9WUSLBmYFSvfJxXlse4ypMs9Ag8e69tpQbx72aeNCRYg3W4dRtnVNgU9TTI0f4BFKMxjmJrVqrkp47R0mu62bptdaTaD1Gd9wKa0l8MfANEyPtu+lGR4wlMkvYv88bCY2bsdF318P0FftFC/V/1tEiiqMNdjTPg8GFCqKMeIVMvOdl1AQB5mvr9AF6CMSz3VUPtqlgSOuqk80Zowm2KoaSq5hErVJWrM2bUIvHxe1aCLiNBZczTX7AH7JYteIVC4UnBSNlm+5z7UXId91dEynwctUe2vFk6nunVG3oEoFeKlSly7YnvlnAIpB0HbFRpz/+/lPtDyOZKnlBmpu58CoyGyZzaBSi1eFphFfhTZvFx+QM= art@art-To-be-filled-by-O-E-M\n"
            },
            "name": "node06",
            "network_acceleration_type": "standard",
            "network_interface": [
              {
                "dns_record": [],
                "index": 0,
                "ip_address": "192.168.101.16",
                "ipv4": true,
                "ipv6": false,
                "ipv6_address": "",
                "ipv6_dns_record": [],
                "mac_address": "d0:0d:17:77:5a:35",
                "nat": true,
                "nat_dns_record": [],
                "nat_ip_address": "51.250.73.167",
                "nat_ip_version": "IPV4",
                "security_group_ids": [],
                "subnet_id": "e9bosc3n71slsddk6tvv"
              }
            ],
            "placement_policy": [
              {
                "host_affinity_rules": [],
                "placement_group_id": ""
              }
            ],
            "platform_id": "standard-v1",
            "resources": [
              {
                "core_fraction": 100,
                "cores": 4,
                "gpus": 0,
                "memory": 8
              }
            ],
            "scheduling_policy": [
              {
                "preemptible": false
              }
            ],
            "secondary_disk": [],
            "service_account_id": "",
            "status": "running",
            "timeouts": null,
            "zone": "ru-central1-a"
          },
          "sensitive_attributes": [],
          "private": "eyJlMmJmYjczMC1lY2FhLTExZTYtOGY4OC0zNDM2M2JjN2M0YzAiOnsiY3JlYXRlIjozMDAwMDAwMDAwMDAsImRlbGV0ZSI6MzAwMDAwMDAwMDAwLCJ1cGRhdGUiOjMwMDAwMDAwMDAwMH0sInNjaGVtYV92ZXJzaW9uIjoiMSJ9",
          "dependencies": [
            "yandex_vpc_network.default",
            "yandex_vpc_subnet.default"
          ]
        }
      ]
    },
    {
      "mode": "managed",
      "type": "yandex_vpc_network",
      "name": "default",
      "provider": "provider[\"registry.terraform.io/yandex-cloud/yandex\"]",
      "instances": [
        {
          "schema_version": 0,
          "attributes": {
            "created_at": "2022-08-02T09:31:56Z",
            "default_security_group_id": "",
            "description": "",
            "folder_id": "b1g7d73f7tht4jkdqtjh",
            "id": "enps6i99bud15fdbj3nf",
            "labels": {},
            "name": "net",
            "subnet_ids": [],
            "timeouts": null
          },
          "sensitive_attributes": [],
          "private": "eyJlMmJmYjczMC1lY2FhLTExZTYtOGY4OC0zNDM2M2JjN2M0YzAiOnsiY3JlYXRlIjo2MDAwMDAwMDAwMCwiZGVsZXRlIjo2MDAwMDAwMDAwMCwidXBkYXRlIjo2MDAwMDAwMDAwMH19"
        }
      ]
    },
    {
      "mode": "managed",
      "type": "yandex_vpc_subnet",
      "name": "default",
      "provider": "provider[\"registry.terraform.io/yandex-cloud/yandex\"]",
      "instances": [
        {
          "schema_version": 0,
          "attributes": {
            "created_at": "2022-08-02T09:31:57Z",
            "description": "",
            "dhcp_options": [],
            "folder_id": "b1g7d73f7tht4jkdqtjh",
            "id": "e9bosc3n71slsddk6tvv",
            "labels": {},
            "name": "subnet",
            "network_id": "enps6i99bud15fdbj3nf",
            "route_table_id": "",
            "timeouts": null,
            "v4_cidr_blocks": [
              "192.168.101.0/24"
            ],
            "v6_cidr_blocks": [],
            "zone": "ru-central1-a"
          },
          "sensitive_attributes": [],
          "private": "eyJlMmJmYjczMC1lY2FhLTExZTYtOGY4OC0zNDM2M2JjN2M0YzAiOnsiY3JlYXRlIjoxODAwMDAwMDAwMDAsImRlbGV0ZSI6MTgwMDAwMDAwMDAwLCJ1cGRhdGUiOjE4MDAwMDAwMDAwMH19",
          "dependencies": [
            "yandex_vpc_network.default"
          ]
        }
      ]
    }
  ]
}
